// !$*UTF8*$!
{
	archiveVersion = 1;
	classes = {
	};
	objectVersion = 48;
	objects = {

/* Begin PBXBuildFile section */
		E233EB2F216E13D300712BF5 /* AppDelegate.swift in Sources */ = {isa = PBXBuildFile; fileRef = E233EB2E216E13D300712BF5 /* AppDelegate.swift */; };
		E233EB31216E13D300712BF5 /* ViewController.swift in Sources */ = {isa = PBXBuildFile; fileRef = E233EB30216E13D300712BF5 /* ViewController.swift */; };
		E233EB36216E13D300712BF5 /* Assets.xcassets in Resources */ = {isa = PBXBuildFile; fileRef = E233EB35216E13D300712BF5 /* Assets.xcassets */; };
		E233EB39216E13D300712BF5 /* LaunchScreen.storyboard in Resources */ = {isa = PBXBuildFile; fileRef = E233EB37216E13D300712BF5 /* LaunchScreen.storyboard */; };
		E233EB44216E13D300712BF5 /* MoneyHelperTests.swift in Sources */ = {isa = PBXBuildFile; fileRef = E233EB43216E13D300712BF5 /* MoneyHelperTests.swift */; };
		E24249D6216E2B6F00A356E0 /* ViewController.xib in Resources */ = {isa = PBXBuildFile; fileRef = E24249D5216E2B6F00A356E0 /* ViewController.xib */; };
		E2660228217617B8006E8C95 /* NanumGothic-ExtraBold.ttf in Resources */ = {isa = PBXBuildFile; fileRef = E2660227217617B8006E8C95 /* NanumGothic-ExtraBold.ttf */; };
		E27364242175F65200C383B0 /* ButtonNumberView.swift in Sources */ = {isa = PBXBuildFile; fileRef = E27364232175F65200C383B0 /* ButtonNumberView.swift */; };
		E273642621760E4200C383B0 /* String+Converter.swift in Sources */ = {isa = PBXBuildFile; fileRef = E273642521760E4200C383B0 /* String+Converter.swift */; };
/* End PBXBuildFile section */

/* Begin PBXContainerItemProxy section */
		E233EB40216E13D300712BF5 /* PBXContainerItemProxy */ = {
			isa = PBXContainerItemProxy;
			containerPortal = E233EB23216E13D300712BF5 /* Project object */;
			proxyType = 1;
			remoteGlobalIDString = E233EB2A216E13D300712BF5;
			remoteInfo = MoneyHelper;
		};
/* End PBXContainerItemProxy section */

/* Begin PBXFileReference section */
		E233EB2B216E13D300712BF5 /* MoneyHelper.app */ = {isa = PBXFileReference; explicitFileType = wrapper.application; includeInIndex = 0; path = MoneyHelper.app; sourceTree = BUILT_PRODUCTS_DIR; };
		E233EB2E216E13D300712BF5 /* AppDelegate.swift */ = {isa = PBXFileReference; lastKnownFileType = sourcecode.swift; path = AppDelegate.swift; sourceTree = "<group>"; };
		E233EB30216E13D300712BF5 /* ViewController.swift */ = {isa = PBXFileReference; lastKnownFileType = sourcecode.swift; path = ViewController.swift; sourceTree = "<group>"; };
		E233EB35216E13D300712BF5 /* Assets.xcassets */ = {isa = PBXFileReference; lastKnownFileType = folder.assetcatalog; path = Assets.xcassets; sourceTree = "<group>"; };
		E233EB38216E13D300712BF5 /* Base */ = {isa = PBXFileReference; lastKnownFileType = file.storyboard; name = Base; path = Base.lproj/LaunchScreen.storyboard; sourceTree = "<group>"; };
		E233EB3A216E13D300712BF5 /* Info.plist */ = {isa = PBXFileReference; lastKnownFileType = text.plist.xml; path = Info.plist; sourceTree = "<group>"; };
		E233EB3F216E13D300712BF5 /* MoneyHelperTests.xctest */ = {isa = PBXFileReference; explicitFileType = wrapper.cfbundle; includeInIndex = 0; path = MoneyHelperTests.xctest; sourceTree = BUILT_PRODUCTS_DIR; };
		E233EB43216E13D300712BF5 /* MoneyHelperTests.swift */ = {isa = PBXFileReference; lastKnownFileType = sourcecode.swift; path = MoneyHelperTests.swift; sourceTree = "<group>"; };
		E233EB45216E13D300712BF5 /* Info.plist */ = {isa = PBXFileReference; lastKnownFileType = text.plist.xml; path = Info.plist; sourceTree = "<group>"; };
		E24249D5216E2B6F00A356E0 /* ViewController.xib */ = {isa = PBXFileReference; lastKnownFileType = file.xib; path = ViewController.xib; sourceTree = "<group>"; };
		E2660227217617B8006E8C95 /* NanumGothic-ExtraBold.ttf */ = {isa = PBXFileReference; lastKnownFileType = file; name = "NanumGothic-ExtraBold.ttf"; path = "../../../../Downloads/Nanum_Gothic/NanumGothic-ExtraBold.ttf"; sourceTree = "<group>"; };
		E27364232175F65200C383B0 /* ButtonNumberView.swift */ = {isa = PBXFileReference; lastKnownFileType = sourcecode.swift; path = ButtonNumberView.swift; sourceTree = "<group>"; };
		E273642521760E4200C383B0 /* String+Converter.swift */ = {isa = PBXFileReference; lastKnownFileType = sourcecode.swift; path = "String+Converter.swift"; sourceTree = "<group>"; };
/* End PBXFileReference section */

/* Begin PBXFrameworksBuildPhase section */
		E233EB28216E13D300712BF5 /* Frameworks */ = {
			isa = PBXFrameworksBuildPhase;
			buildActionMask = 2147483647;
			files = (
			);
			runOnlyForDeploymentPostprocessing = 0;
		};
		E233EB3C216E13D300712BF5 /* Frameworks */ = {
			isa = PBXFrameworksBuildPhase;
			buildActionMask = 2147483647;
			files = (
			);
			runOnlyForDeploymentPostprocessing = 0;
		};
/* End PBXFrameworksBuildPhase section */

/* Begin PBXGroup section */
		E233EB22216E13D300712BF5 = {
			isa = PBXGroup;
			children = (
				E233EB2D216E13D300712BF5 /* MoneyHelper */,
				E233EB42216E13D300712BF5 /* MoneyHelperTests */,
				E233EB2C216E13D300712BF5 /* Products */,
			);
			sourceTree = "<group>";
		};
		E233EB2C216E13D300712BF5 /* Products */ = {
			isa = PBXGroup;
			children = (
				E233EB2B216E13D300712BF5 /* MoneyHelper.app */,
				E233EB3F216E13D300712BF5 /* MoneyHelperTests.xctest */,
			);
			name = Products;
			sourceTree = "<group>";
		};
		E233EB2D216E13D300712BF5 /* MoneyHelper */ = {
			isa = PBXGroup;
			children = (
				E2660227217617B8006E8C95 /* NanumGothic-ExtraBold.ttf */,
				E233EB2E216E13D300712BF5 /* AppDelegate.swift */,
				E233EB30216E13D300712BF5 /* ViewController.swift */,
				E233EB35216E13D300712BF5 /* Assets.xcassets */,
				E233EB37216E13D300712BF5 /* LaunchScreen.storyboard */,
				E233EB3A216E13D300712BF5 /* Info.plist */,
				E24249D5216E2B6F00A356E0 /* ViewController.xib */,
				E27364232175F65200C383B0 /* ButtonNumberView.swift */,
				E273642521760E4200C383B0 /* String+Converter.swift */,
			);
			path = MoneyHelper;
			sourceTree = "<group>";
		};
		E233EB42216E13D300712BF5 /* MoneyHelperTests */ = {
			isa = PBXGroup;
			children = (
				E233EB43216E13D300712BF5 /* MoneyHelperTests.swift */,
				E233EB45216E13D300712BF5 /* Info.plist */,
			);
			path = MoneyHelperTests;
			sourceTree = "<group>";
		};
/* End PBXGroup section */

/* Begin PBXNativeTarget section */
		E233EB2A216E13D300712BF5 /* MoneyHelper */ = {
			isa = PBXNativeTarget;
			buildConfigurationList = E233EB48216E13D300712BF5 /* Build configuration list for PBXNativeTarget "MoneyHelper" */;
			buildPhases = (
				E233EB27216E13D300712BF5 /* Sources */,
				E233EB28216E13D300712BF5 /* Frameworks */,
				E233EB29216E13D300712BF5 /* Resources */,
			);
			buildRules = (
			);
			dependencies = (
			);
			name = MoneyHelper;
			productName = MoneyHelper;
			productReference = E233EB2B216E13D300712BF5 /* MoneyHelper.app */;
			productType = "com.apple.product-type.application";
		};
		E233EB3E216E13D300712BF5 /* MoneyHelperTests */ = {
			isa = PBXNativeTarget;
			buildConfigurationList = E233EB4B216E13D300712BF5 /* Build configuration list for PBXNativeTarget "MoneyHelperTests" */;
			buildPhases = (
				E233EB3B216E13D300712BF5 /* Sources */,
				E233EB3C216E13D300712BF5 /* Frameworks */,
				E233EB3D216E13D300712BF5 /* Resources */,
			);
			buildRules = (
			);
			dependencies = (
				E233EB41216E13D300712BF5 /* PBXTargetDependency */,
			);
			name = MoneyHelperTests;
			productName = MoneyHelperTests;
			productReference = E233EB3F216E13D300712BF5 /* MoneyHelperTests.xctest */;
			productType = "com.apple.product-type.bundle.unit-test";
		};
/* End PBXNativeTarget section */

/* Begin PBXProject section */
		E233EB23216E13D300712BF5 /* Project object */ = {
			isa = PBXProject;
			attributes = {
				LastSwiftUpdateCheck = 0920;
				LastUpgradeCheck = 0920;
				ORGANIZATIONNAME = "Louise Fonteneau";
				TargetAttributes = {
					E233EB2A216E13D300712BF5 = {
						CreatedOnToolsVersion = 9.2;
						ProvisioningStyle = Automatic;
					};
					E233EB3E216E13D300712BF5 = {
						CreatedOnToolsVersion = 9.2;
						ProvisioningStyle = Automatic;
						TestTargetID = E233EB2A216E13D300712BF5;
					};
				};
			};
			buildConfigurationList = E233EB26216E13D300712BF5 /* Build configuration list for PBXProject "MoneyHelper" */;
			compatibilityVersion = "Xcode 8.0";
			developmentRegion = en;
			hasScannedForEncodings = 0;
			knownRegions = (
				en,
				Base,
			);
			mainGroup = E233EB22216E13D300712BF5;
			productRefGroup = E233EB2C216E13D300712BF5 /* Products */;
			projectDirPath = "";
			projectRoot = "";
			targets = (
				E233EB2A216E13D300712BF5 /* MoneyHelper */,
				E233EB3E216E13D300712BF5 /* MoneyHelperTests */,
			);
		};
/* End PBXProject section */

/* Begin PBXResourcesBuildPhase section */
		E233EB29216E13D300712BF5 /* Resources */ = {
			isa = PBXResourcesBuildPhase;
			buildActionMask = 2147483647;
			files = (
				E2660228217617B8006E8C95 /* NanumGothic-ExtraBold.ttf in Resources */,
				E233EB39216E13D300712BF5 /* LaunchScreen.storyboard in Resources */,
				E24249D6216E2B6F00A356E0 /* ViewController.xib in Resources */,
				E233EB36216E13D300712BF5 /* Assets.xcassets in Resources */,
			);
			runOnlyForDeploymentPostprocessing = 0;
		};
		E233EB3D216E13D300712BF5 /* Resources */ = {
			isa = PBXResourcesBuildPhase;
			buildActionMask = 2147483647;
			files = (
			);
			runOnlyForDeploymentPostprocessing = 0;
		};
/* End PBXResourcesBuildPhase section */

/* Begin PBXSourcesBuildPhase section */
		E233EB27216E13D300712BF5 /* Sources */ = {
			isa = PBXSourcesBuildPhase;
			buildActionMask = 2147483647;
			files = (
				E233EB31216E13D300712BF5 /* ViewController.swift in Sources */,
				E233EB2F216E13D300712BF5 /* AppDelegate.swift in Sources */,
				E27364242175F65200C383B0 /* ButtonNumberView.swift in Sources */,
				E273642621760E4200C383B0 /* String+Converter.swift in Sources */,
			);
			runOnlyForDeploymentPostprocessing = 0;
		};
		E233EB3B216E13D300712BF5 /* Sources */ = {
			isa = PBXSourcesBuildPhase;
			buildActionMask = 2147483647;
			files = (
				E233EB44216E13D300712BF5 /* MoneyHelperTests.swift in Sources */,
			);
			runOnlyForDeploymentPostprocessing = 0;
		};
/* End PBXSourcesBuildPhase section */

/* Begin PBXTargetDependency section */
		E233EB41216E13D300712BF5 /* PBXTargetDependency */ = {
			isa = PBXTargetDependency;
			target = E233EB2A216E13D300712BF5 /* MoneyHelper */;
			targetProxy = E233EB40216E13D300712BF5 /* PBXContainerItemProxy */;
		};
/* End PBXTargetDependency section */

/* Begin PBXVariantGroup section */
		E233EB37216E13D300712BF5 /* LaunchScreen.storyboard */ = {
			isa = PBXVariantGroup;
			children = (
				E233EB38216E13D300712BF5 /* Base */,
			);
			name = LaunchScreen.storyboard;
			sourceTree = "<group>";
		};
/* End PBXVariantGroup section */

/* Begin XCBuildConfiguration section */
		E233EB46216E13D300712BF5 /* Debug */ = {
			isa = XCBuildConfiguration;
			buildSettings = {
				ALWAYS_SEARCH_USER_PATHS = NO;
				CLANG_ANALYZER_NONNULL = YES;
				CLANG_ANALYZER_NUMBER_OBJECT_CONVERSION = YES_AGGRESSIVE;
				CLANG_CXX_LANGUAGE_STANDARD = "gnu++14";
				CLANG_CXX_LIBRARY = "libc++";
				CLANG_ENABLE_MODULES = YES;
				CLANG_ENABLE_OBJC_ARC = YES;
				CLANG_WARN_BLOCK_CAPTURE_AUTORELEASING = YES;
				CLANG_WARN_BOOL_CONVERSION = YES;
				CLANG_WARN_COMMA = YES;
				CLANG_WARN_CONSTANT_CONVERSION = YES;
				CLANG_WARN_DIRECT_OBJC_ISA_USAGE = YES_ERROR;
				CLANG_WARN_DOCUMENTATION_COMMENTS = YES;
				CLANG_WARN_EMPTY_BODY = YES;
				CLANG_WARN_ENUM_CONVERSION = YES;
				CLANG_WARN_INFINITE_RECURSION = YES;
				CLANG_WARN_INT_CONVERSION = YES;
				CLANG_WARN_NON_LITERAL_NULL_CONVERSION = YES;
				CLANG_WARN_OBJC_LITERAL_CONVERSION = YES;
				CLANG_WARN_OBJC_ROOT_CLASS = YES_ERROR;
				CLANG_WARN_RANGE_LOOP_ANALYSIS = YES;
				CLANG_WARN_STRICT_PROTOTYPES = YES;
				CLANG_WARN_SUSPICIOUS_MOVE = YES;
				CLANG_WARN_UNGUARDED_AVAILABILITY = YES_AGGRESSIVE;
				CLANG_WARN_UNREACHABLE_CODE = YES;
				CLANG_WARN__DUPLICATE_METHOD_MATCH = YES;
				CODE_SIGN_IDENTITY = "iPhone Developer";
				COPY_PHASE_STRIP = NO;
				DEBUG_INFORMATION_FORMAT = dwarf;
				ENABLE_STRICT_OBJC_MSGSEND = YES;
				ENABLE_TESTABILITY = YES;
				GCC_C_LANGUAGE_STANDARD = gnu11;
				GCC_DYNAMIC_NO_PIC = NO;
				GCC_NO_COMMON_BLOCKS = YES;
				GCC_OPTIMIZATION_LEVEL = 0;
				GCC_PREPROCESSOR_DEFINITIONS = (
					"DEBUG=1",
					"$(inherited)",
				);
				GCC_WARN_64_TO_32_BIT_CONVERSION = YES;
				GCC_WARN_ABOUT_RETURN_TYPE = YES_ERROR;
				GCC_WARN_UNDECLARED_SELECTOR = YES;
				GCC_WARN_UNINITIALIZED_AUTOS = YES_AGGRESSIVE;
				GCC_WARN_UNUSED_FUNCTION = YES;
				GCC_WARN_UNUSED_VARIABLE = YES;
				IPHONEOS_DEPLOYMENT_TARGET = 11.2;
				MTL_ENABLE_DEBUG_INFO = YES;
				ONLY_ACTIVE_ARCH = YES;
				SDKROOT = iphoneos;
				SWIFT_ACTIVE_COMPILATION_CONDITIONS = DEBUG;
				SWIFT_OPTIMIZATION_LEVEL = "-Onone";
			};
			name = Debug;
		};
		E233EB47216E13D300712BF5 /* Release */ = {
			isa = XCBuildConfiguration;
			buildSettings = {
				ALWAYS_SEARCH_USER_PATHS = NO;
				CLANG_ANALYZER_NONNULL = YES;
				CLANG_ANALYZER_NUMBER_OBJECT_CONVERSION = YES_AGGRESSIVE;
				CLANG_CXX_LANGUAGE_STANDARD = "gnu++14";
				CLANG_CXX_LIBRARY = "libc++";
				CLANG_ENABLE_MODULES = YES;
				CLANG_ENABLE_OBJC_ARC = YES;
				CLANG_WARN_BLOCK_CAPTURE_AUTORELEASING = YES;
				CLANG_WARN_BOOL_CONVERSION = YES;
				CLANG_WARN_COMMA = YES;
				CLANG_WARN_CONSTANT_CONVERSION = YES;
				CLANG_WARN_DIRECT_OBJC_ISA_USAGE = YES_ERROR;
				CLANG_WARN_DOCUMENTATION_COMMENTS = YES;
				CLANG_WARN_EMPTY_BODY = YES;
				CLANG_WARN_ENUM_CONVERSION = YES;
				CLANG_WARN_INFINITE_RECURSION = YES;
				CLANG_WARN_INT_CONVERSION = YES;
				CLANG_WARN_NON_LITERAL_NULL_CONVERSION = YES;
				CLANG_WARN_OBJC_LITERAL_CONVERSION = YES;
				CLANG_WARN_OBJC_ROOT_CLASS = YES_ERROR;
				CLANG_WARN_RANGE_LOOP_ANALYSIS = YES;
				CLANG_WARN_STRICT_PROTOTYPES = YES;
				CLANG_WARN_SUSPICIOUS_MOVE = YES;
				CLANG_WARN_UNGUARDED_AVAILABILITY = YES_AGGRESSIVE;
				CLANG_WARN_UNREACHABLE_CODE = YES;
				CLANG_WARN__DUPLICATE_METHOD_MATCH = YES;
				CODE_SIGN_IDENTITY = "iPhone Developer";
				COPY_PHASE_STRIP = NO;
				DEBUG_INFORMATION_FORMAT = "dwarf-with-dsym";
				ENABLE_NS_ASSERTIONS = NO;
				ENABLE_STRICT_OBJC_MSGSEND = YES;
				GCC_C_LANGUAGE_STANDARD = gnu11;
				GCC_NO_COMMON_BLOCKS = YES;
				GCC_WARN_64_TO_32_BIT_CONVERSION = YES;
				GCC_WARN_ABOUT_RETURN_TYPE = YES_ERROR;
				GCC_WARN_UNDECLARED_SELECTOR = YES;
				GCC_WARN_UNINITIALIZED_AUTOS = YES_AGGRESSIVE;
				GCC_WARN_UNUSED_FUNCTION = YES;
				GCC_WARN_UNUSED_VARIABLE = YES;
				IPHONEOS_DEPLOYMENT_TARGET = 11.2;
				MTL_ENABLE_DEBUG_INFO = NO;
				SDKROOT = iphoneos;
				SWIFT_OPTIMIZATION_LEVEL = "-Owholemodule";
				VALIDATE_PRODUCT = YES;
			};
			name = Release;
		};
		E233EB49216E13D300712BF5 /* Debug */ = {
			isa = XCBuildConfiguration;
			buildSettings = {
				ASSETCATALOG_COMPILER_APPICON_NAME = AppIcon;
				"CODE_SIGN_IDENTITY[sdk=iphoneos*]" = "iPhone Developer";
				CODE_SIGN_STYLE = Automatic;
				DEVELOPMENT_TEAM = FB8X39CZL8;
				INFOPLIST_FILE = MoneyHelper/Info.plist;
				LD_RUNPATH_SEARCH_PATHS = "$(inherited) @executable_path/Frameworks";
				PRODUCT_BUNDLE_IDENTIFIER = com.louise.moneyhelper;
				PRODUCT_NAME = "$(TARGET_NAME)";
				PROVISIONING_PROFILE_SPECIFIER = "";
				SWIFT_VERSION = 4.0;
				TARGETED_DEVICE_FAMILY = "1,2";
			};
			name = Debug;
		};
		E233EB4A216E13D300712BF5 /* Release */ = {
			isa = XCBuildConfiguration;
			buildSettings = {
				ASSETCATALOG_COMPILER_APPICON_NAME = AppIcon;
				"CODE_SIGN_IDENTITY[sdk=iphoneos*]" = "iPhone Developer";
				CODE_SIGN_STYLE = Automatic;
				DEVELOPMENT_TEAM = FB8X39CZL8;
				INFOPLIST_FILE = MoneyHelper/Info.plist;
				LD_RUNPATH_SEARCH_PATHS = "$(inherited) @executable_path/Frameworks";
				PRODUCT_BUNDLE_IDENTIFIER = com.louise.moneyhelper;
				PRODUCT_NAME = "$(TARGET_NAME)";
				PROVISIONING_PROFILE_SPECIFIER = "";
				SWIFT_VERSION = 4.0;
				TARGETED_DEVICE_FAMILY = "1,2";
			};
			name = Release;
		};
		E233EB4C216E13D300712BF5 /* Debug */ = {
			isa = XCBuildConfiguration;
			buildSettings = {
				ALWAYS_EMBED_SWIFT_STANDARD_LIBRARIES = YES;
				BUNDLE_LOADER = "$(TEST_HOST)";
				CODE_SIGN_STYLE = Automatic;
				DEVELOPMENT_TEAM = FB8X39CZL8;
				INFOPLIST_FILE = MoneyHelperTests/Info.plist;
				LD_RUNPATH_SEARCH_PATHS = "$(inherited) @executable_path/Frameworks @loader_path/Frameworks";
				PRODUCT_BUNDLE_IDENTIFIER = com.louise.listApp.MoneyHelperTests;
				PRODUCT_NAME = "$(TARGET_NAME)";
				SWIFT_VERSION = 4.0;
				TARGETED_DEVICE_FAMILY = "1,2";
				TEST_HOST = "$(BUILT_PRODUCTS_DIR)/MoneyHelper.app/MoneyHelper";
			};
			name = Debug;
		};
		E233EB4D216E13D300712BF5 /* Release */ = {
			isa = XCBuildConfiguration;
			buildSettings = {
				ALWAYS_EMBED_SWIFT_STANDARD_LIBRARIES = YES;
				BUNDLE_LOADER = "$(TEST_HOST)";
				CODE_SIGN_STYLE = Automatic;
				DEVELOPMENT_TEAM = FB8X39CZL8;
				INFOPLIST_FILE = MoneyHelperTests/Info.plist;
				LD_RUNPATH_SEARCH_PATHS = "$(inherited) @executable_path/Frameworks @loader_path/Frameworks";
				PRODUCT_BUNDLE_IDENTIFIER = com.louise.listApp.MoneyHelperTests;
				PRODUCT_NAME = "$(TARGET_NAME)";
				SWIFT_VERSION = 4.0;
				TARGETED_DEVICE_FAMILY = "1,2";
				TEST_HOST = "$(BUILT_PRODUCTS_DIR)/MoneyHelper.app/MoneyHelper";
			};
			name = Release;
		};
/* End XCBuildConfiguration section */

/* Begin XCConfigurationList section */
		E233EB26216E13D300712BF5 /* Build configuration list for PBXProject "MoneyHelper" */ = {
			isa = XCConfigurationList;
			buildConfigurations = (
				E233EB46216E13D300712BF5 /* Debug */,
				E233EB47216E13D300712BF5 /* Release */,
			);
			defaultConfigurationIsVisible = 0;
			defaultConfigurationName = Release;
		};
		E233EB48216E13D300712BF5 /* Build configuration list for PBXNativeTarget "MoneyHelper" */ = {
			isa = XCConfigurationList;
			buildConfigurations = (
				E233EB49216E13D300712BF5 /* Debug */,
				E233EB4A216E13D300712BF5 /* Release */,
			);
			defaultConfigurationIsVisible = 0;
			defaultConfigurationName = Release;
		};
		E233EB4B216E13D300712BF5 /* Build configuration list for PBXNativeTarget "MoneyHelperTests" */ = {
			isa = XCConfigurationList;
			buildConfigurations = (
				E233EB4C216E13D300712BF5 /* Debug */,
				E233EB4D216E13D300712BF5 /* Release */,
			);
			defaultConfigurationIsVisible = 0;
			defaultConfigurationName = Release;
		};
/* End XCConfigurationList section */
	};
	rootObject = E233EB23216E13D300712BF5 /* Project object */;
}
